
Microsoft Visual Studio Solution File, Format Version 12.00
# Visual Studio Version 17
VisualStudioVersion = 17.9.34622.214
MinimumVisualStudioVersion = 10.0.40219.1
Project("{FAE04EC0-301F-11D3-BF4B-00C04F79EFBC}") = "GRPCStreamingDemo", "GRPCStreamingDemo\GRPCStreamingDemo.csproj", "{5DAF939A-16B2-4356-B005-57663E3CC93A}"
EndProject
Project("{FAE04EC0-301F-11D3-BF4B-00C04F79EFBC}") = "GRPCStreamingDemo.Client", "GRPCStreamingDemo.Client\GRPCStreamingDemo.Client.csproj", "{262789E5-6ABE-42C3-BA7C-1577DEEA5401}"
EndProject
Global
	GlobalSection(SolutionConfigurationPlatforms) = preSolution
		Debug|Any CPU = Debug|Any CPU
		Release|Any CPU = Release|Any CPU
	EndGlobalSection
	GlobalSection(ProjectConfigurationPlatforms) = postSolution
		{5DAF939A-16B2-4356-B005-57663E3CC93A}.Debug|Any CPU.ActiveCfg = Debug|Any CPU
		{5DAF939A-16B2-4356-B005-57663E3CC93A}.Debug|Any CPU.Build.0 = Debug|Any CPU
		{5DAF939A-16B2-4356-B005-57663E3CC93A}.Release|Any CPU.ActiveCfg = Release|Any CPU
		{5DAF939A-16B2-4356-B005-57663E3CC93A}.Release|Any CPU.Build.0 = Release|Any CPU
		{262789E5-6ABE-42C3-BA7C-1577DEEA5401}.Debug|Any CPU.ActiveCfg = Debug|Any CPU
		{262789E5-6ABE-42C3-BA7C-1577DEEA5401}.Debug|Any CPU.Build.0 = Debug|Any CPU
		{262789E5-6ABE-42C3-BA7C-1577DEEA5401}.Release|Any CPU.ActiveCfg = Release|Any CPU
		{262789E5-6ABE-42C3-BA7C-1577DEEA5401}.Release|Any CPU.Build.0 = Release|Any CPU
	EndGlobalSection
	GlobalSection(SolutionProperties) = preSolution
		HideSolutionNode = FALSE
	EndGlobalSection
	GlobalSection(ExtensibilityGlobals) = postSolution
		SolutionGuid = {7FE0547C-7600-4696-B4B8-2D41C8F3F367}
	EndGlobalSection
EndGlobal
